
Microsoft Visual Studio Solution File, Format Version 10.00
# Visual Studio 2008
Project("{FAE04EC0-301F-11D3-BF4B-00C04F79EFBC}") = "Bson", "Bson\Bson.csproj", "{0E9A3A2A-49CD-4F6C-847C-DC79B4B65CE6}"
EndProject
Project("{FAE04EC0-301F-11D3-BF4B-00C04F79EFBC}") = "BsonUnitTests", "BsonUnitTests\BsonUnitTests.csproj", "{10A5FAC2-E26F-4726-B888-26D5B849F805}"
EndProject
Project("{FAE04EC0-301F-11D3-BF4B-00C04F79EFBC}") = "Driver", "Driver\Driver.csproj", "{AE5166CD-76B0-4911-BD80-CED9521F37A1}"
EndProject
Project("{FAE04EC0-301F-11D3-BF4B-00C04F79EFBC}") = "DriverUnitTests", "DriverUnitTests\DriverUnitTests.csproj", "{DBF3A41B-D0EE-4CA5-ADA6-EB1A4DE903E1}"
EndProject
Project("{FAE04EC0-301F-11D3-BF4B-00C04F79EFBC}") = "DriverOnlineTests", "DriverOnlineTests\DriverOnlineTests.csproj", "{FBBF0D71-107F-49C4-8858-B3A4DC24AA33}"
EndProject
Project("{2150E333-8FDC-42A3-9474-1A3956D46DE8}") = "Solution Items", "Solution Items", "{90D8E598-DFBA-4CD6-AF8C-BA5C9F253A1C}"
	ProjectSection(SolutionItems) = preProject
		GlobalAssemblyInfo.cs = GlobalAssemblyInfo.cs
	EndProjectSection
EndProject
Global
	GlobalSection(SolutionConfigurationPlatforms) = preSolution
		Debug|Any CPU = Debug|Any CPU
		Release|Any CPU = Release|Any CPU
	EndGlobalSection
	GlobalSection(ProjectConfigurationPlatforms) = postSolution
		{0E9A3A2A-49CD-4F6C-847C-DC79B4B65CE6}.Debug|Any CPU.ActiveCfg = Debug|Any CPU
		{0E9A3A2A-49CD-4F6C-847C-DC79B4B65CE6}.Debug|Any CPU.Build.0 = Debug|Any CPU
		{0E9A3A2A-49CD-4F6C-847C-DC79B4B65CE6}.Release|Any CPU.ActiveCfg = Release|Any CPU
		{0E9A3A2A-49CD-4F6C-847C-DC79B4B65CE6}.Release|Any CPU.Build.0 = Release|Any CPU
		{10A5FAC2-E26F-4726-B888-26D5B849F805}.Debug|Any CPU.ActiveCfg = Debug|Any CPU
		{10A5FAC2-E26F-4726-B888-26D5B849F805}.Debug|Any CPU.Build.0 = Debug|Any CPU
		{10A5FAC2-E26F-4726-B888-26D5B849F805}.Release|Any CPU.ActiveCfg = Release|Any CPU
		{10A5FAC2-E26F-4726-B888-26D5B849F805}.Release|Any CPU.Build.0 = Release|Any CPU
		{AE5166CD-76B0-4911-BD80-CED9521F37A1}.Debug|Any CPU.ActiveCfg = Debug|Any CPU
		{AE5166CD-76B0-4911-BD80-CED9521F37A1}.Debug|Any CPU.Build.0 = Debug|Any CPU
		{AE5166CD-76B0-4911-BD80-CED9521F37A1}.Release|Any CPU.ActiveCfg = Release|Any CPU
		{AE5166CD-76B0-4911-BD80-CED9521F37A1}.Release|Any CPU.Build.0 = Release|Any CPU
		{DBF3A41B-D0EE-4CA5-ADA6-EB1A4DE903E1}.Debug|Any CPU.ActiveCfg = Debug|Any CPU
		{DBF3A41B-D0EE-4CA5-ADA6-EB1A4DE903E1}.Debug|Any CPU.Build.0 = Debug|Any CPU
		{DBF3A41B-D0EE-4CA5-ADA6-EB1A4DE903E1}.Release|Any CPU.ActiveCfg = Release|Any CPU
		{DBF3A41B-D0EE-4CA5-ADA6-EB1A4DE903E1}.Release|Any CPU.Build.0 = Release|Any CPU
		{FBBF0D71-107F-49C4-8858-B3A4DC24AA33}.Debug|Any CPU.ActiveCfg = Debug|Any CPU
		{FBBF0D71-107F-49C4-8858-B3A4DC24AA33}.Debug|Any CPU.Build.0 = Debug|Any CPU
		{FBBF0D71-107F-49C4-8858-B3A4DC24AA33}.Release|Any CPU.ActiveCfg = Release|Any CPU
		{FBBF0D71-107F-49C4-8858-B3A4DC24AA33}.Release|Any CPU.Build.0 = Release|Any CPU
	EndGlobalSection
	GlobalSection(SolutionProperties) = preSolution
		HideSolutionNode = FALSE
	EndGlobalSection
EndGlobal
