
Microsoft Visual Studio Solution File, Format Version 12.00
# Visual Studio 14
VisualStudioVersion = 14.0.25420.1
MinimumVisualStudioVersion = 10.0.40219.1
Project("{FAE04EC0-301F-11D3-BF4B-00C04F79EFBC}") = "MongoDB.Bson", "src\MongoDB.Bson\MongoDB.Bson.csproj", "{0E9A3A2A-49CD-4F6C-847C-DC79B4B65CE6}"
EndProject
Project("{FAE04EC0-301F-11D3-BF4B-00C04F79EFBC}") = "MongoDB.Bson.Tests", "tests\MongoDB.Bson.Tests\MongoDB.Bson.Tests.csproj", "{10A5FAC2-E26F-4726-B888-26D5B849F805}"
EndProject
Project("{FAE04EC0-301F-11D3-BF4B-00C04F79EFBC}") = "MongoDB.Driver", "src\MongoDB.Driver\MongoDB.Driver.csproj", "{AE5166CD-76B0-4911-BD80-CED9521F37A1}"
EndProject
Project("{FAE04EC0-301F-11D3-BF4B-00C04F79EFBC}") = "MongoDB.Driver.Tests", "tests\MongoDB.Driver.Tests\MongoDB.Driver.Tests.csproj", "{FBBF0D71-107F-49C4-8858-B3A4DC24AA33}"
EndProject
Project("{F184B08F-C81C-45F6-A57F-5ABD9991F28F}") = "MongoDB.Driver.Legacy.VB.Tests", "tests\MongoDB.Driver.Legacy.VB.Tests\MongoDB.Driver.Legacy.VB.Tests.vbproj", "{19ED9AD5-A2CA-4F1B-9BE4-96450382F404}"
EndProject
Project("{FAE04EC0-301F-11D3-BF4B-00C04F79EFBC}") = "MongoDB.Driver.Core", "src\MongoDB.Driver.Core\MongoDB.Driver.Core.csproj", "{DA56482A-5D8F-41E0-85E6-1F22B310F91B}"
EndProject
Project("{FAE04EC0-301F-11D3-BF4B-00C04F79EFBC}") = "MongoDB.Driver.Core.Tests", "tests\MongoDB.Driver.Core.Tests\MongoDB.Driver.Core.Tests.csproj", "{B7AE6291-4D43-44D8-9FD1-A0D651330927}"
EndProject
Project("{FAE04EC0-301F-11D3-BF4B-00C04F79EFBC}") = "MongoDB.Bson.TestHelpers", "tests\MongoDB.Bson.TestHelpers\MongoDB.Bson.TestHelpers.csproj", "{6AC4638E-EC69-46AA-B6AA-C5CF227D14AE}"
EndProject
Project("{FAE04EC0-301F-11D3-BF4B-00C04F79EFBC}") = "MongoDB.Driver.TestConsoleApplication", "tests\MongoDB.Driver.TestConsoleApplication\MongoDB.Driver.TestConsoleApplication.csproj", "{858FA1E8-831B-4B4B-A29F-B1F4332DF6A7}"
EndProject
Project("{FAE04EC0-301F-11D3-BF4B-00C04F79EFBC}") = "MongoDB.Driver.Legacy", "src\MongoDB.Driver.Legacy\MongoDB.Driver.Legacy.csproj", "{97962946-AA1E-4308-B7A7-6AD92BDBC358}"
EndProject
Project("{FAE04EC0-301F-11D3-BF4B-00C04F79EFBC}") = "MongoDB.Driver.Legacy.Tests", "tests\MongoDB.Driver.Legacy.Tests\MongoDB.Driver.Legacy.Tests.csproj", "{4F42BA31-AAA3-4BD4-A4F2-7F7A53940D69}"
EndProject
Project("{FAE04EC0-301F-11D3-BF4B-00C04F79EFBC}") = "MongoDB.Driver.TestHelpers", "tests\MongoDB.Driver.TestHelpers\MongoDB.Driver.TestHelpers.csproj", "{89B92FFF-4126-4D9A-93C8-2BD7E0CD82FF}"
EndProject
Project("{FAE04EC0-301F-11D3-BF4B-00C04F79EFBC}") = "MongoDB.Driver.Legacy.TestHelpers", "tests\MongoDB.Driver.Legacy.TestHelpers\MongoDB.Driver.Legacy.TestHelpers.csproj", "{02AB2E44-785A-4D39-99C0-29F93A02EF84}"
EndProject
Project("{FAE04EC0-301F-11D3-BF4B-00C04F79EFBC}") = "MongoDB.Driver.Examples", "tests\MongoDB.Driver.Examples\MongoDB.Driver.Examples.csproj", "{0B7600F4-A343-4007-8977-933DBEFC0CC7}"
EndProject
Project("{FAE04EC0-301F-11D3-BF4B-00C04F79EFBC}") = "MongoDB.Driver.GridFS", "src\MongoDB.Driver.GridFS\MongoDB.Driver.GridFS.csproj", "{6B5D1EA6-1088-4122-B8C4-B341822C7915}"
EndProject
Project("{FAE04EC0-301F-11D3-BF4B-00C04F79EFBC}") = "MongoDB.Driver.GridFS.Tests", "tests\MongoDB.Driver.GridFS.Tests\MongoDB.Driver.GridFS.Tests.csproj", "{1537C58E-BECD-4ED2-A900-1AFBB601D2B2}"
EndProject
Project("{FAE04EC0-301F-11D3-BF4B-00C04F79EFBC}") = "MongoDB.Driver.Core.TestHelpers", "tests\MongoDB.Driver.Core.TestHelpers\MongoDB.Driver.Core.TestHelpers.csproj", "{F7B7D81A-CA16-4CD7-8B6C-444280EA37C1}"
EndProject
Project("{2150E333-8FDC-42A3-9474-1A3956D46DE8}") = "src", "src", "{82C26C54-8760-4F9F-AC64-00E72F49355C}"
EndProject
Project("{2150E333-8FDC-42A3-9474-1A3956D46DE8}") = "tests", "tests", "{48C67B2A-FD93-4E81-BE98-5E4491E57A51}"
EndProject
Global
	GlobalSection(SolutionConfigurationPlatforms) = preSolution
		Debug|Any CPU = Debug|Any CPU
		Release|Any CPU = Release|Any CPU
	EndGlobalSection
	GlobalSection(ProjectConfigurationPlatforms) = postSolution
		{0E9A3A2A-49CD-4F6C-847C-DC79B4B65CE6}.Debug|Any CPU.ActiveCfg = Debug|Any CPU
		{0E9A3A2A-49CD-4F6C-847C-DC79B4B65CE6}.Debug|Any CPU.Build.0 = Debug|Any CPU
		{0E9A3A2A-49CD-4F6C-847C-DC79B4B65CE6}.Release|Any CPU.ActiveCfg = Release|Any CPU
		{0E9A3A2A-49CD-4F6C-847C-DC79B4B65CE6}.Release|Any CPU.Build.0 = Release|Any CPU
		{10A5FAC2-E26F-4726-B888-26D5B849F805}.Debug|Any CPU.ActiveCfg = Debug|Any CPU
		{10A5FAC2-E26F-4726-B888-26D5B849F805}.Debug|Any CPU.Build.0 = Debug|Any CPU
		{10A5FAC2-E26F-4726-B888-26D5B849F805}.Release|Any CPU.ActiveCfg = Release|Any CPU
		{10A5FAC2-E26F-4726-B888-26D5B849F805}.Release|Any CPU.Build.0 = Release|Any CPU
		{AE5166CD-76B0-4911-BD80-CED9521F37A1}.Debug|Any CPU.ActiveCfg = Debug|Any CPU
		{AE5166CD-76B0-4911-BD80-CED9521F37A1}.Debug|Any CPU.Build.0 = Debug|Any CPU
		{AE5166CD-76B0-4911-BD80-CED9521F37A1}.Release|Any CPU.ActiveCfg = Release|Any CPU
		{AE5166CD-76B0-4911-BD80-CED9521F37A1}.Release|Any CPU.Build.0 = Release|Any CPU
		{FBBF0D71-107F-49C4-8858-B3A4DC24AA33}.Debug|Any CPU.ActiveCfg = Debug|Any CPU
		{FBBF0D71-107F-49C4-8858-B3A4DC24AA33}.Debug|Any CPU.Build.0 = Debug|Any CPU
		{FBBF0D71-107F-49C4-8858-B3A4DC24AA33}.Release|Any CPU.ActiveCfg = Release|Any CPU
		{FBBF0D71-107F-49C4-8858-B3A4DC24AA33}.Release|Any CPU.Build.0 = Release|Any CPU
		{19ED9AD5-A2CA-4F1B-9BE4-96450382F404}.Debug|Any CPU.ActiveCfg = Debug|Any CPU
		{19ED9AD5-A2CA-4F1B-9BE4-96450382F404}.Debug|Any CPU.Build.0 = Debug|Any CPU
		{19ED9AD5-A2CA-4F1B-9BE4-96450382F404}.Release|Any CPU.ActiveCfg = Release|Any CPU
		{19ED9AD5-A2CA-4F1B-9BE4-96450382F404}.Release|Any CPU.Build.0 = Release|Any CPU
		{DA56482A-5D8F-41E0-85E6-1F22B310F91B}.Debug|Any CPU.ActiveCfg = Debug|Any CPU
		{DA56482A-5D8F-41E0-85E6-1F22B310F91B}.Debug|Any CPU.Build.0 = Debug|Any CPU
		{DA56482A-5D8F-41E0-85E6-1F22B310F91B}.Release|Any CPU.ActiveCfg = Release|Any CPU
		{DA56482A-5D8F-41E0-85E6-1F22B310F91B}.Release|Any CPU.Build.0 = Release|Any CPU
		{B7AE6291-4D43-44D8-9FD1-A0D651330927}.Debug|Any CPU.ActiveCfg = Debug|Any CPU
		{B7AE6291-4D43-44D8-9FD1-A0D651330927}.Debug|Any CPU.Build.0 = Debug|Any CPU
		{B7AE6291-4D43-44D8-9FD1-A0D651330927}.Release|Any CPU.ActiveCfg = Release|Any CPU
		{B7AE6291-4D43-44D8-9FD1-A0D651330927}.Release|Any CPU.Build.0 = Release|Any CPU
		{6AC4638E-EC69-46AA-B6AA-C5CF227D14AE}.Debug|Any CPU.ActiveCfg = Debug|Any CPU
		{6AC4638E-EC69-46AA-B6AA-C5CF227D14AE}.Debug|Any CPU.Build.0 = Debug|Any CPU
		{6AC4638E-EC69-46AA-B6AA-C5CF227D14AE}.Release|Any CPU.ActiveCfg = Release|Any CPU
		{6AC4638E-EC69-46AA-B6AA-C5CF227D14AE}.Release|Any CPU.Build.0 = Release|Any CPU
		{858FA1E8-831B-4B4B-A29F-B1F4332DF6A7}.Debug|Any CPU.ActiveCfg = Debug|Any CPU
		{858FA1E8-831B-4B4B-A29F-B1F4332DF6A7}.Debug|Any CPU.Build.0 = Debug|Any CPU
		{858FA1E8-831B-4B4B-A29F-B1F4332DF6A7}.Release|Any CPU.ActiveCfg = Release|Any CPU
		{858FA1E8-831B-4B4B-A29F-B1F4332DF6A7}.Release|Any CPU.Build.0 = Release|Any CPU
		{97962946-AA1E-4308-B7A7-6AD92BDBC358}.Debug|Any CPU.ActiveCfg = Debug|Any CPU
		{97962946-AA1E-4308-B7A7-6AD92BDBC358}.Debug|Any CPU.Build.0 = Debug|Any CPU
		{97962946-AA1E-4308-B7A7-6AD92BDBC358}.Release|Any CPU.ActiveCfg = Release|Any CPU
		{97962946-AA1E-4308-B7A7-6AD92BDBC358}.Release|Any CPU.Build.0 = Release|Any CPU
		{4F42BA31-AAA3-4BD4-A4F2-7F7A53940D69}.Debug|Any CPU.ActiveCfg = Debug|Any CPU
		{4F42BA31-AAA3-4BD4-A4F2-7F7A53940D69}.Debug|Any CPU.Build.0 = Debug|Any CPU
		{4F42BA31-AAA3-4BD4-A4F2-7F7A53940D69}.Release|Any CPU.ActiveCfg = Release|Any CPU
		{4F42BA31-AAA3-4BD4-A4F2-7F7A53940D69}.Release|Any CPU.Build.0 = Release|Any CPU
		{89B92FFF-4126-4D9A-93C8-2BD7E0CD82FF}.Debug|Any CPU.ActiveCfg = Debug|Any CPU
		{89B92FFF-4126-4D9A-93C8-2BD7E0CD82FF}.Debug|Any CPU.Build.0 = Debug|Any CPU
		{89B92FFF-4126-4D9A-93C8-2BD7E0CD82FF}.Release|Any CPU.ActiveCfg = Release|Any CPU
		{89B92FFF-4126-4D9A-93C8-2BD7E0CD82FF}.Release|Any CPU.Build.0 = Release|Any CPU
		{02AB2E44-785A-4D39-99C0-29F93A02EF84}.Debug|Any CPU.ActiveCfg = Debug|Any CPU
		{02AB2E44-785A-4D39-99C0-29F93A02EF84}.Debug|Any CPU.Build.0 = Debug|Any CPU
		{02AB2E44-785A-4D39-99C0-29F93A02EF84}.Release|Any CPU.ActiveCfg = Release|Any CPU
		{02AB2E44-785A-4D39-99C0-29F93A02EF84}.Release|Any CPU.Build.0 = Release|Any CPU
		{0B7600F4-A343-4007-8977-933DBEFC0CC7}.Debug|Any CPU.ActiveCfg = Debug|Any CPU
		{0B7600F4-A343-4007-8977-933DBEFC0CC7}.Debug|Any CPU.Build.0 = Debug|Any CPU
		{0B7600F4-A343-4007-8977-933DBEFC0CC7}.Release|Any CPU.ActiveCfg = Release|Any CPU
		{0B7600F4-A343-4007-8977-933DBEFC0CC7}.Release|Any CPU.Build.0 = Release|Any CPU
		{6B5D1EA6-1088-4122-B8C4-B341822C7915}.Debug|Any CPU.ActiveCfg = Debug|Any CPU
		{6B5D1EA6-1088-4122-B8C4-B341822C7915}.Debug|Any CPU.Build.0 = Debug|Any CPU
		{6B5D1EA6-1088-4122-B8C4-B341822C7915}.Release|Any CPU.ActiveCfg = Release|Any CPU
		{6B5D1EA6-1088-4122-B8C4-B341822C7915}.Release|Any CPU.Build.0 = Release|Any CPU
		{1537C58E-BECD-4ED2-A900-1AFBB601D2B2}.Debug|Any CPU.ActiveCfg = Debug|Any CPU
		{1537C58E-BECD-4ED2-A900-1AFBB601D2B2}.Debug|Any CPU.Build.0 = Debug|Any CPU
		{1537C58E-BECD-4ED2-A900-1AFBB601D2B2}.Release|Any CPU.ActiveCfg = Release|Any CPU
		{1537C58E-BECD-4ED2-A900-1AFBB601D2B2}.Release|Any CPU.Build.0 = Release|Any CPU
		{F7B7D81A-CA16-4CD7-8B6C-444280EA37C1}.Debug|Any CPU.ActiveCfg = Debug|Any CPU
		{F7B7D81A-CA16-4CD7-8B6C-444280EA37C1}.Debug|Any CPU.Build.0 = Debug|Any CPU
		{F7B7D81A-CA16-4CD7-8B6C-444280EA37C1}.Release|Any CPU.ActiveCfg = Release|Any CPU
		{F7B7D81A-CA16-4CD7-8B6C-444280EA37C1}.Release|Any CPU.Build.0 = Release|Any CPU
	EndGlobalSection
	GlobalSection(SolutionProperties) = preSolution
		HideSolutionNode = FALSE
	EndGlobalSection
	GlobalSection(NestedProjects) = preSolution
		{0E9A3A2A-49CD-4F6C-847C-DC79B4B65CE6} = {82C26C54-8760-4F9F-AC64-00E72F49355C}
		{10A5FAC2-E26F-4726-B888-26D5B849F805} = {48C67B2A-FD93-4E81-BE98-5E4491E57A51}
		{AE5166CD-76B0-4911-BD80-CED9521F37A1} = {82C26C54-8760-4F9F-AC64-00E72F49355C}
		{FBBF0D71-107F-49C4-8858-B3A4DC24AA33} = {48C67B2A-FD93-4E81-BE98-5E4491E57A51}
		{19ED9AD5-A2CA-4F1B-9BE4-96450382F404} = {48C67B2A-FD93-4E81-BE98-5E4491E57A51}
		{DA56482A-5D8F-41E0-85E6-1F22B310F91B} = {82C26C54-8760-4F9F-AC64-00E72F49355C}
		{B7AE6291-4D43-44D8-9FD1-A0D651330927} = {48C67B2A-FD93-4E81-BE98-5E4491E57A51}
		{6AC4638E-EC69-46AA-B6AA-C5CF227D14AE} = {48C67B2A-FD93-4E81-BE98-5E4491E57A51}
		{858FA1E8-831B-4B4B-A29F-B1F4332DF6A7} = {48C67B2A-FD93-4E81-BE98-5E4491E57A51}
		{97962946-AA1E-4308-B7A7-6AD92BDBC358} = {82C26C54-8760-4F9F-AC64-00E72F49355C}
		{4F42BA31-AAA3-4BD4-A4F2-7F7A53940D69} = {48C67B2A-FD93-4E81-BE98-5E4491E57A51}
		{89B92FFF-4126-4D9A-93C8-2BD7E0CD82FF} = {48C67B2A-FD93-4E81-BE98-5E4491E57A51}
		{02AB2E44-785A-4D39-99C0-29F93A02EF84} = {48C67B2A-FD93-4E81-BE98-5E4491E57A51}
		{0B7600F4-A343-4007-8977-933DBEFC0CC7} = {48C67B2A-FD93-4E81-BE98-5E4491E57A51}
		{6B5D1EA6-1088-4122-B8C4-B341822C7915} = {82C26C54-8760-4F9F-AC64-00E72F49355C}
		{1537C58E-BECD-4ED2-A900-1AFBB601D2B2} = {48C67B2A-FD93-4E81-BE98-5E4491E57A51}
		{F7B7D81A-CA16-4CD7-8B6C-444280EA37C1} = {48C67B2A-FD93-4E81-BE98-5E4491E57A51}
	EndGlobalSection
EndGlobal
