
Microsoft Visual Studio Solution File, Format Version 12.00
# Visual Studio 15
VisualStudioVersion = 15.0.27703.2042
MinimumVisualStudioVersion = 10.0.40219.1
Project("{2150E333-8FDC-42A3-9474-1A3956D46DE8}") = "src", "src", "{D2012971-32BB-4C5F-BFC4-30A9994AB152}"
EndProject
Project("{2150E333-8FDC-42A3-9474-1A3956D46DE8}") = "tests", "tests", "{E472BDF5-61F1-461D-872B-9F53BB3ACA80}"
EndProject
Project("{9A19103F-16F7-4668-BE54-9A1E7A4F7556}") = "MongoDB.Bson", "src\MongoDB.Bson\MongoDB.Bson.csproj", "{9FCB42A5-3BC6-492B-8EA0-53EF32E9F8CD}"
EndProject
Project("{9A19103F-16F7-4668-BE54-9A1E7A4F7556}") = "MongoDB.Bson.Tests", "tests\MongoDB.Bson.Tests\MongoDB.Bson.Tests.csproj", "{3CE61F2A-B852-45F9-B607-E0FFFEF9DBC6}"
EndProject
Project("{9A19103F-16F7-4668-BE54-9A1E7A4F7556}") = "MongoDB.Bson.TestHelpers", "tests\MongoDB.Bson.TestHelpers\MongoDB.Bson.TestHelpers.csproj", "{4D6F0AD1-91CE-4736-AD4E-D9B11E49F206}"
EndProject
Project("{9A19103F-16F7-4668-BE54-9A1E7A4F7556}") = "MongoDB.Driver.Core", "src\MongoDB.Driver.Core\MongoDB.Driver.Core.csproj", "{8AEB0131-9029-476A-B0B4-EEF3442C8706}"
EndProject
Project("{9A19103F-16F7-4668-BE54-9A1E7A4F7556}") = "MongoDB.Driver.Core.TestHelpers", "tests\MongoDB.Driver.Core.TestHelpers\MongoDB.Driver.Core.TestHelpers.csproj", "{7296B5C1-2A73-4797-AF83-3AE5524BD504}"
EndProject
Project("{9A19103F-16F7-4668-BE54-9A1E7A4F7556}") = "MongoDB.Driver.Core.Tests", "tests\MongoDB.Driver.Core.Tests\MongoDB.Driver.Core.Tests.csproj", "{B7A0A6CE-B3F7-464C-8FF1-2435C9875445}"
EndProject
Project("{9A19103F-16F7-4668-BE54-9A1E7A4F7556}") = "MongoDB.Driver.GridFS", "src\MongoDB.Driver.GridFS\MongoDB.Driver.GridFS.csproj", "{29FB1FD1-3BE0-4E30-BA8D-7964290CAEBA}"
EndProject
Project("{9A19103F-16F7-4668-BE54-9A1E7A4F7556}") = "MongoDB.Driver", "src\MongoDB.Driver\MongoDB.Driver.csproj", "{756980B3-0DCF-42F0-A324-C386B1A3E9F4}"
EndProject
Project("{9A19103F-16F7-4668-BE54-9A1E7A4F7556}") = "MongoDB.Driver.TestHelpers", "tests\MongoDB.Driver.TestHelpers\MongoDB.Driver.TestHelpers.csproj", "{253DBC37-A955-4CCE-8EAF-9CF4A91895DB}"
EndProject
Project("{9A19103F-16F7-4668-BE54-9A1E7A4F7556}") = "MongoDB.Driver.Tests", "tests\MongoDB.Driver.Tests\MongoDB.Driver.Tests.csproj", "{FD003B6D-C0C3-4D1E-832D-1AA96AF0244C}"
EndProject
Project("{9A19103F-16F7-4668-BE54-9A1E7A4F7556}") = "MongoDB.Driver.GridFS.Tests", "tests\MongoDB.Driver.GridFS.Tests\MongoDB.Driver.GridFS.Tests.csproj", "{2CE8F5C4-DD44-4E32-A1D5-D86C47817E64}"
EndProject
Project("{9A19103F-16F7-4668-BE54-9A1E7A4F7556}") = "MongoDB.Driver.Legacy", "src\MongoDB.Driver.Legacy\MongoDB.Driver.Legacy.csproj", "{23F090B1-88A6-4C07-A0BE-3952B6A16756}"
EndProject
Project("{9A19103F-16F7-4668-BE54-9A1E7A4F7556}") = "AtlasConnectivity.Tests", "tests\AtlasConnectivity.Tests\AtlasConnectivity.Tests.csproj", "{F2E68945-76FC-49D5-8CB2-B23C76FF09C7}"
EndProject
Project("{9A19103F-16F7-4668-BE54-9A1E7A4F7556}") = "MongoDB.Driver.Examples", "tests\MongoDB.Driver.Examples\MongoDB.Driver.Examples.csproj", "{C50D554C-2771-4CC1-9B2C-BB17FB27F935}"
EndProject
Project("{9A19103F-16F7-4668-BE54-9A1E7A4F7556}") = "MongoDB.Driver.Legacy.TestHelpers", "tests\MongoDB.Driver.Legacy.TestHelpers\MongoDB.Driver.Legacy.TestHelpers.csproj", "{DAB8DFFD-0020-43B3-9C08-7723F5D68E90}"
EndProject
Project("{9A19103F-16F7-4668-BE54-9A1E7A4F7556}") = "MongoDB.Driver.Legacy.Tests", "tests\MongoDB.Driver.Legacy.Tests\MongoDB.Driver.Legacy.Tests.csproj", "{7A015030-6329-4FAD-B6E3-CED5ED53019C}"
EndProject
Project("{F184B08F-C81C-45F6-A57F-5ABD9991F28F}") = "MongoDB.Driver.Legacy.VB.Tests", "tests\MongoDB.Driver.Legacy.VB.Tests\MongoDB.Driver.Legacy.VB.Tests.vbproj", "{D197D685-5509-491E-A456-BA36C662CBB4}"
EndProject
Project("{2150E333-8FDC-42A3-9474-1A3956D46DE8}") = "Solution Items", "Solution Items", "{B071AF36-EED4-4CFF-A006-ECDAD0A87F99}"
	ProjectSection(SolutionItems) = preProject
		MongoDB.ruleset = MongoDB.ruleset
		MongoDBLegacy.ruleset = MongoDBLegacy.ruleset
		MongoDBLegacyTest.ruleset = MongoDBLegacyTest.ruleset
		MongoDBTest.ruleset = MongoDBTest.ruleset
	EndProjectSection
EndProject
Project("{FAE04EC0-301F-11D3-BF4B-00C04F79EFBC}") = "SkippableTests", "tests\SkippableTests\SkippableTests.csproj", "{D198833A-6AC3-4327-8B02-5095455192D0}"
EndProject
Project("{FAE04EC0-301F-11D3-BF4B-00C04F79EFBC}") = "MongoDB.Driver.TestConsoleApplication", "tests\MongoDB.Driver.TestConsoleApplication\MongoDB.Driver.TestConsoleApplication.csproj", "{2E5780D2-29A5-483C-9CA2-844F45A66D0C}"
EndProject
Global
	GlobalSection(SolutionConfigurationPlatforms) = preSolution
		Debug|Any CPU = Debug|Any CPU
		Release|Any CPU = Release|Any CPU
	EndGlobalSection
	GlobalSection(ProjectConfigurationPlatforms) = postSolution
		{9FCB42A5-3BC6-492B-8EA0-53EF32E9F8CD}.Debug|Any CPU.ActiveCfg = Debug|Any CPU
		{9FCB42A5-3BC6-492B-8EA0-53EF32E9F8CD}.Debug|Any CPU.Build.0 = Debug|Any CPU
		{9FCB42A5-3BC6-492B-8EA0-53EF32E9F8CD}.Release|Any CPU.ActiveCfg = Release|Any CPU
		{9FCB42A5-3BC6-492B-8EA0-53EF32E9F8CD}.Release|Any CPU.Build.0 = Release|Any CPU
		{3CE61F2A-B852-45F9-B607-E0FFFEF9DBC6}.Debug|Any CPU.ActiveCfg = Debug|Any CPU
		{3CE61F2A-B852-45F9-B607-E0FFFEF9DBC6}.Debug|Any CPU.Build.0 = Debug|Any CPU
		{3CE61F2A-B852-45F9-B607-E0FFFEF9DBC6}.Release|Any CPU.ActiveCfg = Release|Any CPU
		{3CE61F2A-B852-45F9-B607-E0FFFEF9DBC6}.Release|Any CPU.Build.0 = Release|Any CPU
		{4D6F0AD1-91CE-4736-AD4E-D9B11E49F206}.Debug|Any CPU.ActiveCfg = Debug|Any CPU
		{4D6F0AD1-91CE-4736-AD4E-D9B11E49F206}.Debug|Any CPU.Build.0 = Debug|Any CPU
		{4D6F0AD1-91CE-4736-AD4E-D9B11E49F206}.Release|Any CPU.ActiveCfg = Release|Any CPU
		{4D6F0AD1-91CE-4736-AD4E-D9B11E49F206}.Release|Any CPU.Build.0 = Release|Any CPU
		{8AEB0131-9029-476A-B0B4-EEF3442C8706}.Debug|Any CPU.ActiveCfg = Debug|Any CPU
		{8AEB0131-9029-476A-B0B4-EEF3442C8706}.Debug|Any CPU.Build.0 = Debug|Any CPU
		{8AEB0131-9029-476A-B0B4-EEF3442C8706}.Release|Any CPU.ActiveCfg = Release|Any CPU
		{8AEB0131-9029-476A-B0B4-EEF3442C8706}.Release|Any CPU.Build.0 = Release|Any CPU
		{7296B5C1-2A73-4797-AF83-3AE5524BD504}.Debug|Any CPU.ActiveCfg = Debug|Any CPU
		{7296B5C1-2A73-4797-AF83-3AE5524BD504}.Debug|Any CPU.Build.0 = Debug|Any CPU
		{7296B5C1-2A73-4797-AF83-3AE5524BD504}.Release|Any CPU.ActiveCfg = Release|Any CPU
		{7296B5C1-2A73-4797-AF83-3AE5524BD504}.Release|Any CPU.Build.0 = Release|Any CPU
		{B7A0A6CE-B3F7-464C-8FF1-2435C9875445}.Debug|Any CPU.ActiveCfg = Debug|Any CPU
		{B7A0A6CE-B3F7-464C-8FF1-2435C9875445}.Debug|Any CPU.Build.0 = Debug|Any CPU
		{B7A0A6CE-B3F7-464C-8FF1-2435C9875445}.Release|Any CPU.ActiveCfg = Release|Any CPU
		{B7A0A6CE-B3F7-464C-8FF1-2435C9875445}.Release|Any CPU.Build.0 = Release|Any CPU
		{29FB1FD1-3BE0-4E30-BA8D-7964290CAEBA}.Debug|Any CPU.ActiveCfg = Debug|Any CPU
		{29FB1FD1-3BE0-4E30-BA8D-7964290CAEBA}.Debug|Any CPU.Build.0 = Debug|Any CPU
		{29FB1FD1-3BE0-4E30-BA8D-7964290CAEBA}.Release|Any CPU.ActiveCfg = Release|Any CPU
		{29FB1FD1-3BE0-4E30-BA8D-7964290CAEBA}.Release|Any CPU.Build.0 = Release|Any CPU
		{756980B3-0DCF-42F0-A324-C386B1A3E9F4}.Debug|Any CPU.ActiveCfg = Debug|Any CPU
		{756980B3-0DCF-42F0-A324-C386B1A3E9F4}.Debug|Any CPU.Build.0 = Debug|Any CPU
		{756980B3-0DCF-42F0-A324-C386B1A3E9F4}.Release|Any CPU.ActiveCfg = Release|Any CPU
		{756980B3-0DCF-42F0-A324-C386B1A3E9F4}.Release|Any CPU.Build.0 = Release|Any CPU
		{253DBC37-A955-4CCE-8EAF-9CF4A91895DB}.Debug|Any CPU.ActiveCfg = Debug|Any CPU
		{253DBC37-A955-4CCE-8EAF-9CF4A91895DB}.Debug|Any CPU.Build.0 = Debug|Any CPU
		{253DBC37-A955-4CCE-8EAF-9CF4A91895DB}.Release|Any CPU.ActiveCfg = Release|Any CPU
		{253DBC37-A955-4CCE-8EAF-9CF4A91895DB}.Release|Any CPU.Build.0 = Release|Any CPU
		{FD003B6D-C0C3-4D1E-832D-1AA96AF0244C}.Debug|Any CPU.ActiveCfg = Debug|Any CPU
		{FD003B6D-C0C3-4D1E-832D-1AA96AF0244C}.Debug|Any CPU.Build.0 = Debug|Any CPU
		{FD003B6D-C0C3-4D1E-832D-1AA96AF0244C}.Release|Any CPU.ActiveCfg = Release|Any CPU
		{FD003B6D-C0C3-4D1E-832D-1AA96AF0244C}.Release|Any CPU.Build.0 = Release|Any CPU
		{2CE8F5C4-DD44-4E32-A1D5-D86C47817E64}.Debug|Any CPU.ActiveCfg = Debug|Any CPU
		{2CE8F5C4-DD44-4E32-A1D5-D86C47817E64}.Debug|Any CPU.Build.0 = Debug|Any CPU
		{2CE8F5C4-DD44-4E32-A1D5-D86C47817E64}.Release|Any CPU.ActiveCfg = Release|Any CPU
		{2CE8F5C4-DD44-4E32-A1D5-D86C47817E64}.Release|Any CPU.Build.0 = Release|Any CPU
		{23F090B1-88A6-4C07-A0BE-3952B6A16756}.Debug|Any CPU.ActiveCfg = Debug|Any CPU
		{23F090B1-88A6-4C07-A0BE-3952B6A16756}.Debug|Any CPU.Build.0 = Debug|Any CPU
		{23F090B1-88A6-4C07-A0BE-3952B6A16756}.Release|Any CPU.ActiveCfg = Release|Any CPU
		{23F090B1-88A6-4C07-A0BE-3952B6A16756}.Release|Any CPU.Build.0 = Release|Any CPU
		{F2E68945-76FC-49D5-8CB2-B23C76FF09C7}.Debug|Any CPU.ActiveCfg = Debug|Any CPU
		{F2E68945-76FC-49D5-8CB2-B23C76FF09C7}.Debug|Any CPU.Build.0 = Debug|Any CPU
		{F2E68945-76FC-49D5-8CB2-B23C76FF09C7}.Release|Any CPU.ActiveCfg = Release|Any CPU
		{F2E68945-76FC-49D5-8CB2-B23C76FF09C7}.Release|Any CPU.Build.0 = Release|Any CPU
		{C50D554C-2771-4CC1-9B2C-BB17FB27F935}.Debug|Any CPU.ActiveCfg = Debug|Any CPU
		{C50D554C-2771-4CC1-9B2C-BB17FB27F935}.Debug|Any CPU.Build.0 = Debug|Any CPU
		{C50D554C-2771-4CC1-9B2C-BB17FB27F935}.Release|Any CPU.ActiveCfg = Release|Any CPU
		{C50D554C-2771-4CC1-9B2C-BB17FB27F935}.Release|Any CPU.Build.0 = Release|Any CPU
		{DAB8DFFD-0020-43B3-9C08-7723F5D68E90}.Debug|Any CPU.ActiveCfg = Debug|Any CPU
		{DAB8DFFD-0020-43B3-9C08-7723F5D68E90}.Debug|Any CPU.Build.0 = Debug|Any CPU
		{DAB8DFFD-0020-43B3-9C08-7723F5D68E90}.Release|Any CPU.ActiveCfg = Release|Any CPU
		{DAB8DFFD-0020-43B3-9C08-7723F5D68E90}.Release|Any CPU.Build.0 = Release|Any CPU
		{7A015030-6329-4FAD-B6E3-CED5ED53019C}.Debug|Any CPU.ActiveCfg = Debug|Any CPU
		{7A015030-6329-4FAD-B6E3-CED5ED53019C}.Debug|Any CPU.Build.0 = Debug|Any CPU
		{7A015030-6329-4FAD-B6E3-CED5ED53019C}.Release|Any CPU.ActiveCfg = Release|Any CPU
		{7A015030-6329-4FAD-B6E3-CED5ED53019C}.Release|Any CPU.Build.0 = Release|Any CPU
		{D197D685-5509-491E-A456-BA36C662CBB4}.Debug|Any CPU.ActiveCfg = Debug|Any CPU
		{D197D685-5509-491E-A456-BA36C662CBB4}.Debug|Any CPU.Build.0 = Debug|Any CPU
		{D197D685-5509-491E-A456-BA36C662CBB4}.Release|Any CPU.ActiveCfg = Release|Any CPU
		{D197D685-5509-491E-A456-BA36C662CBB4}.Release|Any CPU.Build.0 = Release|Any CPU
		{D198833A-6AC3-4327-8B02-5095455192D0}.Debug|Any CPU.ActiveCfg = Debug|Any CPU
		{D198833A-6AC3-4327-8B02-5095455192D0}.Debug|Any CPU.Build.0 = Debug|Any CPU
		{D198833A-6AC3-4327-8B02-5095455192D0}.Release|Any CPU.ActiveCfg = Release|Any CPU
		{D198833A-6AC3-4327-8B02-5095455192D0}.Release|Any CPU.Build.0 = Release|Any CPU
		{2E5780D2-29A5-483C-9CA2-844F45A66D0C}.Debug|Any CPU.ActiveCfg = Debug|Any CPU
		{2E5780D2-29A5-483C-9CA2-844F45A66D0C}.Debug|Any CPU.Build.0 = Debug|Any CPU
		{2E5780D2-29A5-483C-9CA2-844F45A66D0C}.Release|Any CPU.ActiveCfg = Release|Any CPU
		{2E5780D2-29A5-483C-9CA2-844F45A66D0C}.Release|Any CPU.Build.0 = Release|Any CPU
	EndGlobalSection
	GlobalSection(SolutionProperties) = preSolution
		HideSolutionNode = FALSE
	EndGlobalSection
	GlobalSection(NestedProjects) = preSolution
		{9FCB42A5-3BC6-492B-8EA0-53EF32E9F8CD} = {D2012971-32BB-4C5F-BFC4-30A9994AB152}
		{3CE61F2A-B852-45F9-B607-E0FFFEF9DBC6} = {E472BDF5-61F1-461D-872B-9F53BB3ACA80}
		{4D6F0AD1-91CE-4736-AD4E-D9B11E49F206} = {E472BDF5-61F1-461D-872B-9F53BB3ACA80}
		{8AEB0131-9029-476A-B0B4-EEF3442C8706} = {D2012971-32BB-4C5F-BFC4-30A9994AB152}
		{7296B5C1-2A73-4797-AF83-3AE5524BD504} = {E472BDF5-61F1-461D-872B-9F53BB3ACA80}
		{B7A0A6CE-B3F7-464C-8FF1-2435C9875445} = {E472BDF5-61F1-461D-872B-9F53BB3ACA80}
		{29FB1FD1-3BE0-4E30-BA8D-7964290CAEBA} = {D2012971-32BB-4C5F-BFC4-30A9994AB152}
		{756980B3-0DCF-42F0-A324-C386B1A3E9F4} = {D2012971-32BB-4C5F-BFC4-30A9994AB152}
		{253DBC37-A955-4CCE-8EAF-9CF4A91895DB} = {E472BDF5-61F1-461D-872B-9F53BB3ACA80}
		{FD003B6D-C0C3-4D1E-832D-1AA96AF0244C} = {E472BDF5-61F1-461D-872B-9F53BB3ACA80}
		{2CE8F5C4-DD44-4E32-A1D5-D86C47817E64} = {E472BDF5-61F1-461D-872B-9F53BB3ACA80}
		{23F090B1-88A6-4C07-A0BE-3952B6A16756} = {D2012971-32BB-4C5F-BFC4-30A9994AB152}
		{F2E68945-76FC-49D5-8CB2-B23C76FF09C7} = {E472BDF5-61F1-461D-872B-9F53BB3ACA80}
		{C50D554C-2771-4CC1-9B2C-BB17FB27F935} = {E472BDF5-61F1-461D-872B-9F53BB3ACA80}
		{DAB8DFFD-0020-43B3-9C08-7723F5D68E90} = {E472BDF5-61F1-461D-872B-9F53BB3ACA80}
		{7A015030-6329-4FAD-B6E3-CED5ED53019C} = {E472BDF5-61F1-461D-872B-9F53BB3ACA80}
		{D197D685-5509-491E-A456-BA36C662CBB4} = {E472BDF5-61F1-461D-872B-9F53BB3ACA80}
		{D198833A-6AC3-4327-8B02-5095455192D0} = {E472BDF5-61F1-461D-872B-9F53BB3ACA80}
		{2E5780D2-29A5-483C-9CA2-844F45A66D0C} = {E472BDF5-61F1-461D-872B-9F53BB3ACA80}
	EndGlobalSection
	GlobalSection(ExtensibilityGlobals) = postSolution
		SolutionGuid = {24BEC44B-92B0-43AA-9B15-163459D0C098}
	EndGlobalSection
EndGlobal
