
Microsoft Visual Studio Solution File, Format Version 10.00
# Visual Studio 2008
Project("{FAE04EC0-301F-11D3-BF4B-00C04F79EFBC}") = "MongoDBClient", "MongoDBClient\MongoDBClient.csproj", "{AE5166CD-76B0-4911-BD80-CED9521F37A1}"
EndProject
Project("{FAE04EC0-301F-11D3-BF4B-00C04F79EFBC}") = "MongoDBClientTest", "MongoDBClientTest\MongoDBClientTest.csproj", "{4FC21822-317C-49BF-8B10-150BD9AADFDE}"
EndProject
Global
	GlobalSection(SolutionConfigurationPlatforms) = preSolution
		Debug|Any CPU = Debug|Any CPU
		Release|Any CPU = Release|Any CPU
	EndGlobalSection
	GlobalSection(ProjectConfigurationPlatforms) = postSolution
		{AE5166CD-76B0-4911-BD80-CED9521F37A1}.Debug|Any CPU.ActiveCfg = Debug|Any CPU
		{AE5166CD-76B0-4911-BD80-CED9521F37A1}.Debug|Any CPU.Build.0 = Debug|Any CPU
		{AE5166CD-76B0-4911-BD80-CED9521F37A1}.Release|Any CPU.ActiveCfg = Release|Any CPU
		{AE5166CD-76B0-4911-BD80-CED9521F37A1}.Release|Any CPU.Build.0 = Release|Any CPU
		{4FC21822-317C-49BF-8B10-150BD9AADFDE}.Debug|Any CPU.ActiveCfg = Debug|Any CPU
		{4FC21822-317C-49BF-8B10-150BD9AADFDE}.Debug|Any CPU.Build.0 = Debug|Any CPU
		{4FC21822-317C-49BF-8B10-150BD9AADFDE}.Release|Any CPU.ActiveCfg = Release|Any CPU
		{4FC21822-317C-49BF-8B10-150BD9AADFDE}.Release|Any CPU.Build.0 = Release|Any CPU
	EndGlobalSection
	GlobalSection(SolutionProperties) = preSolution
		HideSolutionNode = FALSE
	EndGlobalSection
EndGlobal
