
Microsoft Visual Studio Solution File, Format Version 12.00
# Visual Studio 14
VisualStudioVersion = 14.0.25402.0
MinimumVisualStudioVersion = 10.0.40219.1
Project("{2150E333-8FDC-42A3-9474-1A3956D46DE8}") = "src", "src", "{B4E459B4-5B8C-4933-BECC-AEB36CEC84F6}"
EndProject
Project("{2150E333-8FDC-42A3-9474-1A3956D46DE8}") = "Solution Items", "Solution Items", "{476D8FD2-8395-4967-92E2-C355C7FF3FE9}"
	ProjectSection(SolutionItems) = preProject
		global.json = global.json
	EndProjectSection
EndProject
Project("{8BB2217D-0F2D-49D1-97BC-3654ED321F3B}") = "MongoDB.Bson", "src\MongoDB.Bson\MongoDB.Bson.xproj", "{E6B739E6-DDD8-4BA5-8595-FD59A0783153}"
EndProject
Project("{8BB2217D-0F2D-49D1-97BC-3654ED321F3B}") = "MongoDB.Driver.Core", "src\MongoDB.Driver.Core\MongoDB.Driver.Core.xproj", "{B86DE81A-6CAB-458D-852C-358114C146DB}"
EndProject
Project("{8BB2217D-0F2D-49D1-97BC-3654ED321F3B}") = "MongoDB.Driver", "src\MongoDB.Driver\MongoDB.Driver.xproj", "{22C3CF35-4EEE-40DE-A313-33E2CFAC1F08}"
EndProject
Project("{2150E333-8FDC-42A3-9474-1A3956D46DE8}") = "samples", "samples", "{EF7A690C-F868-4E61-8ED7-3D05AC39D209}"
EndProject
Project("{8BB2217D-0F2D-49D1-97BC-3654ED321F3B}") = "MongoDB.Tests.ConsoleApp", "samples\MongoDB.Tests.ConsoleApp\MongoDB.Tests.ConsoleApp.xproj", "{CCD9B0EE-086A-46F4-8307-9E46E50C57C2}"
EndProject
Global
	GlobalSection(SolutionConfigurationPlatforms) = preSolution
		Debug|Any CPU = Debug|Any CPU
		Release|Any CPU = Release|Any CPU
	EndGlobalSection
	GlobalSection(ProjectConfigurationPlatforms) = postSolution
		{E6B739E6-DDD8-4BA5-8595-FD59A0783153}.Debug|Any CPU.ActiveCfg = Debug|Any CPU
		{E6B739E6-DDD8-4BA5-8595-FD59A0783153}.Debug|Any CPU.Build.0 = Debug|Any CPU
		{E6B739E6-DDD8-4BA5-8595-FD59A0783153}.Release|Any CPU.ActiveCfg = Release|Any CPU
		{E6B739E6-DDD8-4BA5-8595-FD59A0783153}.Release|Any CPU.Build.0 = Release|Any CPU
		{B86DE81A-6CAB-458D-852C-358114C146DB}.Debug|Any CPU.ActiveCfg = Debug|Any CPU
		{B86DE81A-6CAB-458D-852C-358114C146DB}.Debug|Any CPU.Build.0 = Debug|Any CPU
		{B86DE81A-6CAB-458D-852C-358114C146DB}.Release|Any CPU.ActiveCfg = Release|Any CPU
		{B86DE81A-6CAB-458D-852C-358114C146DB}.Release|Any CPU.Build.0 = Release|Any CPU
		{22C3CF35-4EEE-40DE-A313-33E2CFAC1F08}.Debug|Any CPU.ActiveCfg = Debug|Any CPU
		{22C3CF35-4EEE-40DE-A313-33E2CFAC1F08}.Debug|Any CPU.Build.0 = Debug|Any CPU
		{22C3CF35-4EEE-40DE-A313-33E2CFAC1F08}.Release|Any CPU.ActiveCfg = Release|Any CPU
		{22C3CF35-4EEE-40DE-A313-33E2CFAC1F08}.Release|Any CPU.Build.0 = Release|Any CPU
		{CCD9B0EE-086A-46F4-8307-9E46E50C57C2}.Debug|Any CPU.ActiveCfg = Debug|Any CPU
		{CCD9B0EE-086A-46F4-8307-9E46E50C57C2}.Debug|Any CPU.Build.0 = Debug|Any CPU
		{CCD9B0EE-086A-46F4-8307-9E46E50C57C2}.Release|Any CPU.ActiveCfg = Release|Any CPU
		{CCD9B0EE-086A-46F4-8307-9E46E50C57C2}.Release|Any CPU.Build.0 = Release|Any CPU
	EndGlobalSection
	GlobalSection(SolutionProperties) = preSolution
		HideSolutionNode = FALSE
	EndGlobalSection
	GlobalSection(NestedProjects) = preSolution
		{E6B739E6-DDD8-4BA5-8595-FD59A0783153} = {B4E459B4-5B8C-4933-BECC-AEB36CEC84F6}
		{B86DE81A-6CAB-458D-852C-358114C146DB} = {B4E459B4-5B8C-4933-BECC-AEB36CEC84F6}
		{22C3CF35-4EEE-40DE-A313-33E2CFAC1F08} = {B4E459B4-5B8C-4933-BECC-AEB36CEC84F6}
		{CCD9B0EE-086A-46F4-8307-9E46E50C57C2} = {EF7A690C-F868-4E61-8ED7-3D05AC39D209}
	EndGlobalSection
EndGlobal
